
Microsoft Visual Studio Solution File, Format Version 12.00
# Visual Studio 15
VisualStudioVersion = 15.0.28307.489
MinimumVisualStudioVersion = 10.0.40219.1
Project("{FAE04EC0-301F-11D3-BF4B-00C04F79EFBC}") = "Project1_UnivMngSys", "Project1_UnivMngSys.csproj", "{02DD1ED9-A075-4F01-8A4F-16838D20CCCA}"
EndProject
Global
	GlobalSection(SolutionConfigurationPlatforms) = preSolution
		Debug|Any CPU = Debug|Any CPU
		Release|Any CPU = Release|Any CPU
	EndGlobalSection
	GlobalSection(ProjectConfigurationPlatforms) = postSolution
		{02DD1ED9-A075-4F01-8A4F-16838D20CCCA}.Debug|Any CPU.ActiveCfg = Debug|Any CPU
		{02DD1ED9-A075-4F01-8A4F-16838D20CCCA}.Debug|Any CPU.Build.0 = Debug|Any CPU
		{02DD1ED9-A075-4F01-8A4F-16838D20CCCA}.Release|Any CPU.ActiveCfg = Release|Any CPU
		{02DD1ED9-A075-4F01-8A4F-16838D20CCCA}.Release|Any CPU.Build.0 = Release|Any CPU
	EndGlobalSection
	GlobalSection(SolutionProperties) = preSolution
		HideSolutionNode = FALSE
	EndGlobalSection
	GlobalSection(ExtensibilityGlobals) = postSolution
		SolutionGuid = {45846F5B-BCA8-4CE6-B3B9-AFD8866A4080}
	EndGlobalSection
EndGlobal
